// !$*UTF8*$!
{
	archiveVersion = 1;
	classes = {
	};
	objectVersion = 50;
	objects = {

/* Begin PBXBuildFile section */
		40F0114624CE8F070048D6C0 /* AppDelegate.swift in Sources */ = {isa = PBXBuildFile; fileRef = 40F0114524CE8F070048D6C0 /* AppDelegate.swift */; };
		40F0114824CE8F070048D6C0 /* SceneDelegate.swift in Sources */ = {isa = PBXBuildFile; fileRef = 40F0114724CE8F070048D6C0 /* SceneDelegate.swift */; };
		40F0114A24CE8F070048D6C0 /* ContentView.swift in Sources */ = {isa = PBXBuildFile; fileRef = 40F0114924CE8F070048D6C0 /* ContentView.swift */; };
		40F0114C24CE8F0A0048D6C0 /* Assets.xcassets in Resources */ = {isa = PBXBuildFile; fileRef = 40F0114B24CE8F0A0048D6C0 /* Assets.xcassets */; };
		40F0114F24CE8F0A0048D6C0 /* Preview Assets.xcassets in Resources */ = {isa = PBXBuildFile; fileRef = 40F0114E24CE8F0A0048D6C0 /* Preview Assets.xcassets */; };
		40F0115224CE8F0A0048D6C0 /* LaunchScreen.storyboard in Resources */ = {isa = PBXBuildFile; fileRef = 40F0115024CE8F0A0048D6C0 /* LaunchScreen.storyboard */; };
		40F0115D24CE8F0A0048D6C0 /* TestBookTests.swift in Sources */ = {isa = PBXBuildFile; fileRef = 40F0115C24CE8F0A0048D6C0 /* TestBookTests.swift */; };
		40F0116824CE8F0A0048D6C0 /* TestBookUITests.swift in Sources */ = {isa = PBXBuildFile; fileRef = 40F0116724CE8F0A0048D6C0 /* TestBookUITests.swift */; };
		40F0117624CE8F650048D6C0 /* Calculator.swift in Sources */ = {isa = PBXBuildFile; fileRef = 40F0117524CE8F650048D6C0 /* Calculator.swift */; };
		40F0117824CE902F0048D6C0 /* CulculatorTests.swift in Sources */ = {isa = PBXBuildFile; fileRef = 40F0117724CE902F0048D6C0 /* CulculatorTests.swift */; };
		40F0117A24CE95AD0048D6C0 /* HolidayState.swift in Sources */ = {isa = PBXBuildFile; fileRef = 40F0117924CE95AD0048D6C0 /* HolidayState.swift */; };
		40F0117C24CE96C60048D6C0 /* HolidayStateTests.swift in Sources */ = {isa = PBXBuildFile; fileRef = 40F0117B24CE96C60048D6C0 /* HolidayStateTests.swift */; };
/* End PBXBuildFile section */

/* Begin PBXContainerItemProxy section */
		40F0115924CE8F0A0048D6C0 /* PBXContainerItemProxy */ = {
			isa = PBXContainerItemProxy;
			containerPortal = 40F0113A24CE8F070048D6C0 /* Project object */;
			proxyType = 1;
			remoteGlobalIDString = 40F0114124CE8F070048D6C0;
			remoteInfo = TestBook;
		};
		40F0116424CE8F0A0048D6C0 /* PBXContainerItemProxy */ = {
			isa = PBXContainerItemProxy;
			containerPortal = 40F0113A24CE8F070048D6C0 /* Project object */;
			proxyType = 1;
			remoteGlobalIDString = 40F0114124CE8F070048D6C0;
			remoteInfo = TestBook;
		};
/* End PBXContainerItemProxy section */

/* Begin PBXFileReference section */
		40F0114224CE8F070048D6C0 /* TestBook.app */ = {isa = PBXFileReference; explicitFileType = wrapper.application; includeInIndex = 0; path = TestBook.app; sourceTree = BUILT_PRODUCTS_DIR; };
		40F0114524CE8F070048D6C0 /* AppDelegate.swift */ = {isa = PBXFileReference; lastKnownFileType = sourcecode.swift; path = AppDelegate.swift; sourceTree = "<group>"; };
		40F0114724CE8F070048D6C0 /* SceneDelegate.swift */ = {isa = PBXFileReference; lastKnownFileType = sourcecode.swift; path = SceneDelegate.swift; sourceTree = "<group>"; };
		40F0114924CE8F070048D6C0 /* ContentView.swift */ = {isa = PBXFileReference; lastKnownFileType = sourcecode.swift; path = ContentView.swift; sourceTree = "<group>"; };
		40F0114B24CE8F0A0048D6C0 /* Assets.xcassets */ = {isa = PBXFileReference; lastKnownFileType = folder.assetcatalog; path = Assets.xcassets; sourceTree = "<group>"; };
		40F0114E24CE8F0A0048D6C0 /* Preview Assets.xcassets */ = {isa = PBXFileReference; lastKnownFileType = folder.assetcatalog; path = "Preview Assets.xcassets"; sourceTree = "<group>"; };
		40F0115124CE8F0A0048D6C0 /* Base */ = {isa = PBXFileReference; lastKnownFileType = file.storyboard; name = Base; path = Base.lproj/LaunchScreen.storyboard; sourceTree = "<group>"; };
		40F0115324CE8F0A0048D6C0 /* Info.plist */ = {isa = PBXFileReference; lastKnownFileType = text.plist.xml; path = Info.plist; sourceTree = "<group>"; };
		40F0115824CE8F0A0048D6C0 /* TestBookTests.xctest */ = {isa = PBXFileReference; explicitFileType = wrapper.cfbundle; includeInIndex = 0; path = TestBookTests.xctest; sourceTree = BUILT_PRODUCTS_DIR; };
		40F0115C24CE8F0A0048D6C0 /* TestBookTests.swift */ = {isa = PBXFileReference; lastKnownFileType = sourcecode.swift; path = TestBookTests.swift; sourceTree = "<group>"; };
		40F0115E24CE8F0A0048D6C0 /* Info.plist */ = {isa = PBXFileReference; lastKnownFileType = text.plist.xml; path = Info.plist; sourceTree = "<group>"; };
		40F0116324CE8F0A0048D6C0 /* TestBookUITests.xctest */ = {isa = PBXFileReference; explicitFileType = wrapper.cfbundle; includeInIndex = 0; path = TestBookUITests.xctest; sourceTree = BUILT_PRODUCTS_DIR; };
		40F0116724CE8F0A0048D6C0 /* TestBookUITests.swift */ = {isa = PBXFileReference; lastKnownFileType = sourcecode.swift; path = TestBookUITests.swift; sourceTree = "<group>"; };
		40F0116924CE8F0A0048D6C0 /* Info.plist */ = {isa = PBXFileReference; lastKnownFileType = text.plist.xml; path = Info.plist; sourceTree = "<group>"; };
		40F0117524CE8F650048D6C0 /* Calculator.swift */ = {isa = PBXFileReference; lastKnownFileType = sourcecode.swift; path = Calculator.swift; sourceTree = "<group>"; };
		40F0117724CE902F0048D6C0 /* CulculatorTests.swift */ = {isa = PBXFileReference; lastKnownFileType = sourcecode.swift; path = CulculatorTests.swift; sourceTree = "<group>"; };
		40F0117924CE95AD0048D6C0 /* HolidayState.swift */ = {isa = PBXFileReference; lastKnownFileType = sourcecode.swift; path = HolidayState.swift; sourceTree = "<group>"; };
		40F0117B24CE96C60048D6C0 /* HolidayStateTests.swift */ = {isa = PBXFileReference; lastKnownFileType = sourcecode.swift; path = HolidayStateTests.swift; sourceTree = "<group>"; };
/* End PBXFileReference section */

/* Begin PBXFrameworksBuildPhase section */
		40F0113F24CE8F070048D6C0 /* Frameworks */ = {
			isa = PBXFrameworksBuildPhase;
			buildActionMask = 2147483647;
			files = (
			);
			runOnlyForDeploymentPostprocessing = 0;
		};
		40F0115524CE8F0A0048D6C0 /* Frameworks */ = {
			isa = PBXFrameworksBuildPhase;
			buildActionMask = 2147483647;
			files = (
			);
			runOnlyForDeploymentPostprocessing = 0;
		};
		40F0116024CE8F0A0048D6C0 /* Frameworks */ = {
			isa = PBXFrameworksBuildPhase;
			buildActionMask = 2147483647;
			files = (
			);
			runOnlyForDeploymentPostprocessing = 0;
		};
/* End PBXFrameworksBuildPhase section */

/* Begin PBXGroup section */
		40F0113924CE8F070048D6C0 = {
			isa = PBXGroup;
			children = (
				40F0114424CE8F070048D6C0 /* TestBook */,
				40F0115B24CE8F0A0048D6C0 /* TestBookTests */,
				40F0116624CE8F0A0048D6C0 /* TestBookUITests */,
				40F0114324CE8F070048D6C0 /* Products */,
			);
			sourceTree = "<group>";
		};
		40F0114324CE8F070048D6C0 /* Products */ = {
			isa = PBXGroup;
			children = (
				40F0114224CE8F070048D6C0 /* TestBook.app */,
				40F0115824CE8F0A0048D6C0 /* TestBookTests.xctest */,
				40F0116324CE8F0A0048D6C0 /* TestBookUITests.xctest */,
			);
			name = Products;
			sourceTree = "<group>";
		};
		40F0114424CE8F070048D6C0 /* TestBook */ = {
			isa = PBXGroup;
			children = (
				40F0114524CE8F070048D6C0 /* AppDelegate.swift */,
				40F0114B24CE8F0A0048D6C0 /* Assets.xcassets */,
				40F0117524CE8F650048D6C0 /* Calculator.swift */,
				40F0114924CE8F070048D6C0 /* ContentView.swift */,
				40F0117924CE95AD0048D6C0 /* HolidayState.swift */,
				40F0115324CE8F0A0048D6C0 /* Info.plist */,
				40F0115024CE8F0A0048D6C0 /* LaunchScreen.storyboard */,
				40F0114D24CE8F0A0048D6C0 /* Preview Content */,
				40F0114724CE8F070048D6C0 /* SceneDelegate.swift */,
			);
			path = TestBook;
			sourceTree = "<group>";
		};
		40F0114D24CE8F0A0048D6C0 /* Preview Content */ = {
			isa = PBXGroup;
			children = (
				40F0114E24CE8F0A0048D6C0 /* Preview Assets.xcassets */,
			);
			path = "Preview Content";
			sourceTree = "<group>";
		};
		40F0115B24CE8F0A0048D6C0 /* TestBookTests */ = {
			isa = PBXGroup;
			children = (
				40F0117724CE902F0048D6C0 /* CulculatorTests.swift */,
				40F0115E24CE8F0A0048D6C0 /* Info.plist */,
				40F0115C24CE8F0A0048D6C0 /* TestBookTests.swift */,
				40F0117B24CE96C60048D6C0 /* HolidayStateTests.swift */,
			);
			path = TestBookTests;
			sourceTree = "<group>";
		};
		40F0116624CE8F0A0048D6C0 /* TestBookUITests */ = {
			isa = PBXGroup;
			children = (
				40F0116924CE8F0A0048D6C0 /* Info.plist */,
				40F0116724CE8F0A0048D6C0 /* TestBookUITests.swift */,
			);
			path = TestBookUITests;
			sourceTree = "<group>";
		};
/* End PBXGroup section */

/* Begin PBXNativeTarget section */
		40F0114124CE8F070048D6C0 /* TestBook */ = {
			isa = PBXNativeTarget;
			buildConfigurationList = 40F0116C24CE8F0A0048D6C0 /* Build configuration list for PBXNativeTarget "TestBook" */;
			buildPhases = (
				40F0113E24CE8F070048D6C0 /* Sources */,
				40F0113F24CE8F070048D6C0 /* Frameworks */,
				40F0114024CE8F070048D6C0 /* Resources */,
			);
			buildRules = (
			);
			dependencies = (
			);
			name = TestBook;
			productName = TestBook;
			productReference = 40F0114224CE8F070048D6C0 /* TestBook.app */;
			productType = "com.apple.product-type.application";
		};
		40F0115724CE8F0A0048D6C0 /* TestBookTests */ = {
			isa = PBXNativeTarget;
			buildConfigurationList = 40F0116F24CE8F0A0048D6C0 /* Build configuration list for PBXNativeTarget "TestBookTests" */;
			buildPhases = (
				40F0115424CE8F0A0048D6C0 /* Sources */,
				40F0115524CE8F0A0048D6C0 /* Frameworks */,
				40F0115624CE8F0A0048D6C0 /* Resources */,
			);
			buildRules = (
			);
			dependencies = (
				40F0115A24CE8F0A0048D6C0 /* PBXTargetDependency */,
			);
			name = TestBookTests;
			productName = TestBookTests;
			productReference = 40F0115824CE8F0A0048D6C0 /* TestBookTests.xctest */;
			productType = "com.apple.product-type.bundle.unit-test";
		};
		40F0116224CE8F0A0048D6C0 /* TestBookUITests */ = {
			isa = PBXNativeTarget;
			buildConfigurationList = 40F0117224CE8F0A0048D6C0 /* Build configuration list for PBXNativeTarget "TestBookUITests" */;
			buildPhases = (
				40F0115F24CE8F0A0048D6C0 /* Sources */,
				40F0116024CE8F0A0048D6C0 /* Frameworks */,
				40F0116124CE8F0A0048D6C0 /* Resources */,
			);
			buildRules = (
			);
			dependencies = (
				40F0116524CE8F0A0048D6C0 /* PBXTargetDependency */,
			);
			name = TestBookUITests;
			productName = TestBookUITests;
			productReference = 40F0116324CE8F0A0048D6C0 /* TestBookUITests.xctest */;
			productType = "com.apple.product-type.bundle.ui-testing";
		};
/* End PBXNativeTarget section */

/* Begin PBXProject section */
		40F0113A24CE8F070048D6C0 /* Project object */ = {
			isa = PBXProject;
			attributes = {
				LastSwiftUpdateCheck = 1160;
				LastUpgradeCheck = 1160;
				ORGANIZATIONNAME = "PAPC-0467";
				TargetAttributes = {
					40F0114124CE8F070048D6C0 = {
						CreatedOnToolsVersion = 11.6;
					};
					40F0115724CE8F0A0048D6C0 = {
						CreatedOnToolsVersion = 11.6;
						TestTargetID = 40F0114124CE8F070048D6C0;
					};
					40F0116224CE8F0A0048D6C0 = {
						CreatedOnToolsVersion = 11.6;
						TestTargetID = 40F0114124CE8F070048D6C0;
					};
				};
			};
			buildConfigurationList = 40F0113D24CE8F070048D6C0 /* Build configuration list for PBXProject "TestBook" */;
			compatibilityVersion = "Xcode 9.3";
			developmentRegion = en;
			hasScannedForEncodings = 0;
			knownRegions = (
				en,
				Base,
			);
			mainGroup = 40F0113924CE8F070048D6C0;
			productRefGroup = 40F0114324CE8F070048D6C0 /* Products */;
			projectDirPath = "";
			projectRoot = "";
			targets = (
				40F0114124CE8F070048D6C0 /* TestBook */,
				40F0115724CE8F0A0048D6C0 /* TestBookTests */,
				40F0116224CE8F0A0048D6C0 /* TestBookUITests */,
			);
		};
/* End PBXProject section */

/* Begin PBXResourcesBuildPhase section */
		40F0114024CE8F070048D6C0 /* Resources */ = {
			isa = PBXResourcesBuildPhase;
			buildActionMask = 2147483647;
			files = (
				40F0115224CE8F0A0048D6C0 /* LaunchScreen.storyboard in Resources */,
				40F0114F24CE8F0A0048D6C0 /* Preview Assets.xcassets in Resources */,
				40F0114C24CE8F0A0048D6C0 /* Assets.xcassets in Resources */,
			);
			runOnlyForDeploymentPostprocessing = 0;
		};
		40F0115624CE8F0A0048D6C0 /* Resources */ = {
			isa = PBXResourcesBuildPhase;
			buildActionMask = 2147483647;
			files = (
			);
			runOnlyForDeploymentPostprocessing = 0;
		};
		40F0116124CE8F0A0048D6C0 /* Resources */ = {
			isa = PBXResourcesBuildPhase;
			buildActionMask = 2147483647;
			files = (
			);
			runOnlyForDeploymentPostprocessing = 0;
		};
/* End PBXResourcesBuildPhase section */

/* Begin PBXSourcesBuildPhase section */
		40F0113E24CE8F070048D6C0 /* Sources */ = {
			isa = PBXSourcesBuildPhase;
			buildActionMask = 2147483647;
			files = (
				40F0114624CE8F070048D6C0 /* AppDelegate.swift in Sources */,
				40F0117624CE8F650048D6C0 /* Calculator.swift in Sources */,
				40F0117A24CE95AD0048D6C0 /* HolidayState.swift in Sources */,
				40F0114824CE8F070048D6C0 /* SceneDelegate.swift in Sources */,
				40F0114A24CE8F070048D6C0 /* ContentView.swift in Sources */,
			);
			runOnlyForDeploymentPostprocessing = 0;
		};
		40F0115424CE8F0A0048D6C0 /* Sources */ = {
			isa = PBXSourcesBuildPhase;
			buildActionMask = 2147483647;
			files = (
				40F0115D24CE8F0A0048D6C0 /* TestBookTests.swift in Sources */,
				40F0117824CE902F0048D6C0 /* CulculatorTests.swift in Sources */,
				40F0117C24CE96C60048D6C0 /* HolidayStateTests.swift in Sources */,
			);
			runOnlyForDeploymentPostprocessing = 0;
		};
		40F0115F24CE8F0A0048D6C0 /* Sources */ = {
			isa = PBXSourcesBuildPhase;
			buildActionMask = 2147483647;
			files = (
				40F0116824CE8F0A0048D6C0 /* TestBookUITests.swift in Sources */,
			);
			runOnlyForDeploymentPostprocessing = 0;
		};
/* End PBXSourcesBuildPhase section */

/* Begin PBXTargetDependency section */
		40F0115A24CE8F0A0048D6C0 /* PBXTargetDependency */ = {
			isa = PBXTargetDependency;
			target = 40F0114124CE8F070048D6C0 /* TestBook */;
			targetProxy = 40F0115924CE8F0A0048D6C0 /* PBXContainerItemProxy */;
		};
		40F0116524CE8F0A0048D6C0 /* PBXTargetDependency */ = {
			isa = PBXTargetDependency;
			target = 40F0114124CE8F070048D6C0 /* TestBook */;
			targetProxy = 40F0116424CE8F0A0048D6C0 /* PBXContainerItemProxy */;
		};
/* End PBXTargetDependency section */

/* Begin PBXVariantGroup section */
		40F0115024CE8F0A0048D6C0 /* LaunchScreen.storyboard */ = {
			isa = PBXVariantGroup;
			children = (
				40F0115124CE8F0A0048D6C0 /* Base */,
			);
			name = LaunchScreen.storyboard;
			sourceTree = "<group>";
		};
/* End PBXVariantGroup section */

/* Begin XCBuildConfiguration section */
		40F0116A24CE8F0A0048D6C0 /* Debug */ = {
			isa = XCBuildConfiguration;
			buildSettings = {
				ALWAYS_SEARCH_USER_PATHS = NO;
				CLANG_ANALYZER_NONNULL = YES;
				CLANG_ANALYZER_NUMBER_OBJECT_CONVERSION = YES_AGGRESSIVE;
				CLANG_CXX_LANGUAGE_STANDARD = "gnu++14";
				CLANG_CXX_LIBRARY = "libc++";
				CLANG_ENABLE_MODULES = YES;
				CLANG_ENABLE_OBJC_ARC = YES;
				CLANG_ENABLE_OBJC_WEAK = YES;
				CLANG_WARN_BLOCK_CAPTURE_AUTORELEASING = YES;
				CLANG_WARN_BOOL_CONVERSION = YES;
				CLANG_WARN_COMMA = YES;
				CLANG_WARN_CONSTANT_CONVERSION = YES;
				CLANG_WARN_DEPRECATED_OBJC_IMPLEMENTATIONS = YES;
				CLANG_WARN_DIRECT_OBJC_ISA_USAGE = YES_ERROR;
				CLANG_WARN_DOCUMENTATION_COMMENTS = YES;
				CLANG_WARN_EMPTY_BODY = YES;
				CLANG_WARN_ENUM_CONVERSION = YES;
				CLANG_WARN_INFINITE_RECURSION = YES;
				CLANG_WARN_INT_CONVERSION = YES;
				CLANG_WARN_NON_LITERAL_NULL_CONVERSION = YES;
				CLANG_WARN_OBJC_IMPLICIT_RETAIN_SELF = YES;
				CLANG_WARN_OBJC_LITERAL_CONVERSION = YES;
				CLANG_WARN_OBJC_ROOT_CLASS = YES_ERROR;
				CLANG_WARN_RANGE_LOOP_ANALYSIS = YES;
				CLANG_WARN_STRICT_PROTOTYPES = YES;
				CLANG_WARN_SUSPICIOUS_MOVE = YES;
				CLANG_WARN_UNGUARDED_AVAILABILITY = YES_AGGRESSIVE;
				CLANG_WARN_UNREACHABLE_CODE = YES;
				CLANG_WARN__DUPLICATE_METHOD_MATCH = YES;
				COPY_PHASE_STRIP = NO;
				DEBUG_INFORMATION_FORMAT = dwarf;
				ENABLE_STRICT_OBJC_MSGSEND = YES;
				ENABLE_TESTABILITY = YES;
				GCC_C_LANGUAGE_STANDARD = gnu11;
				GCC_DYNAMIC_NO_PIC = NO;
				GCC_NO_COMMON_BLOCKS = YES;
				GCC_OPTIMIZATION_LEVEL = 0;
				GCC_PREPROCESSOR_DEFINITIONS = (
					"DEBUG=1",
					"$(inherited)",
				);
				GCC_WARN_64_TO_32_BIT_CONVERSION = YES;
				GCC_WARN_ABOUT_RETURN_TYPE = YES_ERROR;
				GCC_WARN_UNDECLARED_SELECTOR = YES;
				GCC_WARN_UNINITIALIZED_AUTOS = YES_AGGRESSIVE;
				GCC_WARN_UNUSED_FUNCTION = YES;
				GCC_WARN_UNUSED_VARIABLE = YES;
				IPHONEOS_DEPLOYMENT_TARGET = 13.6;
				MTL_ENABLE_DEBUG_INFO = INCLUDE_SOURCE;
				MTL_FAST_MATH = YES;
				ONLY_ACTIVE_ARCH = YES;
				SDKROOT = iphoneos;
				SWIFT_ACTIVE_COMPILATION_CONDITIONS = DEBUG;
				SWIFT_OPTIMIZATION_LEVEL = "-Onone";
			};
			name = Debug;
		};
		40F0116B24CE8F0A0048D6C0 /* Release */ = {
			isa = XCBuildConfiguration;
			buildSettings = {
				ALWAYS_SEARCH_USER_PATHS = NO;
				CLANG_ANALYZER_NONNULL = YES;
				CLANG_ANALYZER_NUMBER_OBJECT_CONVERSION = YES_AGGRESSIVE;
				CLANG_CXX_LANGUAGE_STANDARD = "gnu++14";
				CLANG_CXX_LIBRARY = "libc++";
				CLANG_ENABLE_MODULES = YES;
				CLANG_ENABLE_OBJC_ARC = YES;
				CLANG_ENABLE_OBJC_WEAK = YES;
				CLANG_WARN_BLOCK_CAPTURE_AUTORELEASING = YES;
				CLANG_WARN_BOOL_CONVERSION = YES;
				CLANG_WARN_COMMA = YES;
				CLANG_WARN_CONSTANT_CONVERSION = YES;
				CLANG_WARN_DEPRECATED_OBJC_IMPLEMENTATIONS = YES;
				CLANG_WARN_DIRECT_OBJC_ISA_USAGE = YES_ERROR;
				CLANG_WARN_DOCUMENTATION_COMMENTS = YES;
				CLANG_WARN_EMPTY_BODY = YES;
				CLANG_WARN_ENUM_CONVERSION = YES;
				CLANG_WARN_INFINITE_RECURSION = YES;
				CLANG_WARN_INT_CONVERSION = YES;
				CLANG_WARN_NON_LITERAL_NULL_CONVERSION = YES;
				CLANG_WARN_OBJC_IMPLICIT_RETAIN_SELF = YES;
				CLANG_WARN_OBJC_LITERAL_CONVERSION = YES;
				CLANG_WARN_OBJC_ROOT_CLASS = YES_ERROR;
				CLANG_WARN_RANGE_LOOP_ANALYSIS = YES;
				CLANG_WARN_STRICT_PROTOTYPES = YES;
				CLANG_WARN_SUSPICIOUS_MOVE = YES;
				CLANG_WARN_UNGUARDED_AVAILABILITY = YES_AGGRESSIVE;
				CLANG_WARN_UNREACHABLE_CODE = YES;
				CLANG_WARN__DUPLICATE_METHOD_MATCH = YES;
				COPY_PHASE_STRIP = NO;
				DEBUG_INFORMATION_FORMAT = "dwarf-with-dsym";
				ENABLE_NS_ASSERTIONS = NO;
				ENABLE_STRICT_OBJC_MSGSEND = YES;
				GCC_C_LANGUAGE_STANDARD = gnu11;
				GCC_NO_COMMON_BLOCKS = YES;
				GCC_WARN_64_TO_32_BIT_CONVERSION = YES;
				GCC_WARN_ABOUT_RETURN_TYPE = YES_ERROR;
				GCC_WARN_UNDECLARED_SELECTOR = YES;
				GCC_WARN_UNINITIALIZED_AUTOS = YES_AGGRESSIVE;
				GCC_WARN_UNUSED_FUNCTION = YES;
				GCC_WARN_UNUSED_VARIABLE = YES;
				IPHONEOS_DEPLOYMENT_TARGET = 13.6;
				MTL_ENABLE_DEBUG_INFO = NO;
				MTL_FAST_MATH = YES;
				SDKROOT = iphoneos;
				SWIFT_COMPILATION_MODE = wholemodule;
				SWIFT_OPTIMIZATION_LEVEL = "-O";
				VALIDATE_PRODUCT = YES;
			};
			name = Release;
		};
		40F0116D24CE8F0A0048D6C0 /* Debug */ = {
			isa = XCBuildConfiguration;
			buildSettings = {
				ASSETCATALOG_COMPILER_APPICON_NAME = AppIcon;
				CODE_SIGN_STYLE = Automatic;
				DEVELOPMENT_ASSET_PATHS = "\"TestBook/Preview Content\"";
				DEVELOPMENT_TEAM = 9YUQQNEEBU;
				ENABLE_PREVIEWS = YES;
				INFOPLIST_FILE = TestBook/Info.plist;
				LD_RUNPATH_SEARCH_PATHS = (
					"$(inherited)",
					"@executable_path/Frameworks",
				);
				PRODUCT_BUNDLE_IDENTIFIER = net.Phoneappli.TestBook;
				PRODUCT_NAME = "$(TARGET_NAME)";
				SWIFT_VERSION = 5.0;
				TARGETED_DEVICE_FAMILY = "1,2";
			};
			name = Debug;
		};
		40F0116E24CE8F0A0048D6C0 /* Release */ = {
			isa = XCBuildConfiguration;
			buildSettings = {
				ASSETCATALOG_COMPILER_APPICON_NAME = AppIcon;
				CODE_SIGN_STYLE = Automatic;
				DEVELOPMENT_ASSET_PATHS = "\"TestBook/Preview Content\"";
				DEVELOPMENT_TEAM = 9YUQQNEEBU;
				ENABLE_PREVIEWS = YES;
				INFOPLIST_FILE = TestBook/Info.plist;
				LD_RUNPATH_SEARCH_PATHS = (
					"$(inherited)",
					"@executable_path/Frameworks",
				);
				PRODUCT_BUNDLE_IDENTIFIER = net.Phoneappli.TestBook;
				PRODUCT_NAME = "$(TARGET_NAME)";
				SWIFT_VERSION = 5.0;
				TARGETED_DEVICE_FAMILY = "1,2";
			};
			name = Release;
		};
		40F0117024CE8F0A0048D6C0 /* Debug */ = {
			isa = XCBuildConfiguration;
			buildSettings = {
				ALWAYS_EMBED_SWIFT_STANDARD_LIBRARIES = YES;
				BUNDLE_LOADER = "$(TEST_HOST)";
				CODE_SIGN_STYLE = Automatic;
				DEVELOPMENT_TEAM = 9YUQQNEEBU;
				INFOPLIST_FILE = TestBookTests/Info.plist;
				IPHONEOS_DEPLOYMENT_TARGET = 13.6;
				LD_RUNPATH_SEARCH_PATHS = (
					"$(inherited)",
					"@executable_path/Frameworks",
					"@loader_path/Frameworks",
				);
				PRODUCT_BUNDLE_IDENTIFIER = net.Phoneappli.TestBookTests;
				PRODUCT_NAME = "$(TARGET_NAME)";
				SWIFT_VERSION = 5.0;
				TARGETED_DEVICE_FAMILY = "1,2";
				TEST_HOST = "$(BUILT_PRODUCTS_DIR)/TestBook.app/TestBook";
			};
			name = Debug;
		};
		40F0117124CE8F0A0048D6C0 /* Release */ = {
			isa = XCBuildConfiguration;
			buildSettings = {
				ALWAYS_EMBED_SWIFT_STANDARD_LIBRARIES = YES;
				BUNDLE_LOADER = "$(TEST_HOST)";
				CODE_SIGN_STYLE = Automatic;
				DEVELOPMENT_TEAM = 9YUQQNEEBU;
				INFOPLIST_FILE = TestBookTests/Info.plist;
				IPHONEOS_DEPLOYMENT_TARGET = 13.6;
				LD_RUNPATH_SEARCH_PATHS = (
					"$(inherited)",
					"@executable_path/Frameworks",
					"@loader_path/Frameworks",
				);
				PRODUCT_BUNDLE_IDENTIFIER = net.Phoneappli.TestBookTests;
				PRODUCT_NAME = "$(TARGET_NAME)";
				SWIFT_VERSION = 5.0;
				TARGETED_DEVICE_FAMILY = "1,2";
				TEST_HOST = "$(BUILT_PRODUCTS_DIR)/TestBook.app/TestBook";
			};
			name = Release;
		};
		40F0117324CE8F0A0048D6C0 /* Debug */ = {
			isa = XCBuildConfiguration;
			buildSettings = {
				ALWAYS_EMBED_SWIFT_STANDARD_LIBRARIES = YES;
				CODE_SIGN_STYLE = Automatic;
				DEVELOPMENT_TEAM = 9YUQQNEEBU;
				INFOPLIST_FILE = TestBookUITests/Info.plist;
				LD_RUNPATH_SEARCH_PATHS = (
					"$(inherited)",
					"@executable_path/Frameworks",
					"@loader_path/Frameworks",
				);
				PRODUCT_BUNDLE_IDENTIFIER = net.Phoneappli.TestBookUITests;
				PRODUCT_NAME = "$(TARGET_NAME)";
				SWIFT_VERSION = 5.0;
				TARGETED_DEVICE_FAMILY = "1,2";
				TEST_TARGET_NAME = TestBook;
			};
			name = Debug;
		};
		40F0117424CE8F0A0048D6C0 /* Release */ = {
			isa = XCBuildConfiguration;
			buildSettings = {
				ALWAYS_EMBED_SWIFT_STANDARD_LIBRARIES = YES;
				CODE_SIGN_STYLE = Automatic;
				DEVELOPMENT_TEAM = 9YUQQNEEBU;
				INFOPLIST_FILE = TestBookUITests/Info.plist;
				LD_RUNPATH_SEARCH_PATHS = (
					"$(inherited)",
					"@executable_path/Frameworks",
					"@loader_path/Frameworks",
				);
				PRODUCT_BUNDLE_IDENTIFIER = net.Phoneappli.TestBookUITests;
				PRODUCT_NAME = "$(TARGET_NAME)";
				SWIFT_VERSION = 5.0;
				TARGETED_DEVICE_FAMILY = "1,2";
				TEST_TARGET_NAME = TestBook;
			};
			name = Release;
		};
/* End XCBuildConfiguration section */

/* Begin XCConfigurationList section */
		40F0113D24CE8F070048D6C0 /* Build configuration list for PBXProject "TestBook" */ = {
			isa = XCConfigurationList;
			buildConfigurations = (
				40F0116A24CE8F0A0048D6C0 /* Debug */,
				40F0116B24CE8F0A0048D6C0 /* Release */,
			);
			defaultConfigurationIsVisible = 0;
			defaultConfigurationName = Release;
		};
		40F0116C24CE8F0A0048D6C0 /* Build configuration list for PBXNativeTarget "TestBook" */ = {
			isa = XCConfigurationList;
			buildConfigurations = (
				40F0116D24CE8F0A0048D6C0 /* Debug */,
				40F0116E24CE8F0A0048D6C0 /* Release */,
			);
			defaultConfigurationIsVisible = 0;
			defaultConfigurationName = Release;
		};
		40F0116F24CE8F0A0048D6C0 /* Build configuration list for PBXNativeTarget "TestBookTests" */ = {
			isa = XCConfigurationList;
			buildConfigurations = (
				40F0117024CE8F0A0048D6C0 /* Debug */,
				40F0117124CE8F0A0048D6C0 /* Release */,
			);
			defaultConfigurationIsVisible = 0;
			defaultConfigurationName = Release;
		};
		40F0117224CE8F0A0048D6C0 /* Build configuration list for PBXNativeTarget "TestBookUITests" */ = {
			isa = XCConfigurationList;
			buildConfigurations = (
				40F0117324CE8F0A0048D6C0 /* Debug */,
				40F0117424CE8F0A0048D6C0 /* Release */,
			);
			defaultConfigurationIsVisible = 0;
			defaultConfigurationName = Release;
		};
/* End XCConfigurationList section */
	};
	rootObject = 40F0113A24CE8F070048D6C0 /* Project object */;
}
